# THIS IS AN AUTOGENERATED FILE. DO NOT EDIT THIS FILE DIRECTLY.
# yarn lockfile v1


"@fontsource/roboto@^5.0.2":
  version "5.0.2"
  resolved "https://registry.yarnpkg.com/@fontsource/roboto/-/roboto-5.0.2.tgz#06f10be117be622e6c720a1c6579b00475420bcd"
  integrity sha512-SLw0o3kWwJ53/Ogyk8GGwSaULNX6Hogs+GsVempDdqpX8wm5hKBLYgUkdUPk+NogiViPp1x++OnkuLA+fAd9Kg==
